
Microsoft Visual Studio Solution File, Format Version 12.00
# Visual Studio Version 16
VisualStudioVersion = 16.0.31605.320
MinimumVisualStudioVersion = 10.0.40219.1
Project("{9A19103F-16F7-4668-BE54-9A1E7A4F7556}") = "Projeto01", "Projeto01\Projeto01.csproj", "{D2B6983F-9BD3-447A-AAA3-ADF0CF208817}"
EndProject
Global
	GlobalSection(SolutionConfigurationPlatforms) = preSolution
		Debug|Any CPU = Debug|Any CPU
		Release|Any CPU = Release|Any CPU
	EndGlobalSection
	GlobalSection(ProjectConfigurationPlatforms) = postSolution
		{D2B6983F-9BD3-447A-AAA3-ADF0CF208817}.Debug|Any CPU.ActiveCfg = Debug|Any CPU
		{D2B6983F-9BD3-447A-AAA3-ADF0CF208817}.Debug|Any CPU.Build.0 = Debug|Any CPU
		{D2B6983F-9BD3-447A-AAA3-ADF0CF208817}.Release|Any CPU.ActiveCfg = Release|Any CPU
		{D2B6983F-9BD3-447A-AAA3-ADF0CF208817}.Release|Any CPU.Build.0 = Release|Any CPU
	EndGlobalSection
	GlobalSection(SolutionProperties) = preSolution
		HideSolutionNode = FALSE
	EndGlobalSection
	GlobalSection(ExtensibilityGlobals) = postSolution
		SolutionGuid = {1C6986DA-9B03-42F2-8A6E-3AEBFC8DB416}
	EndGlobalSection
EndGlobal
